#MicroXplorer Configuration settings - do not modify
VP_TIM5_VS_ClockSourceINT.Mode=Internal
Dma.SPI1_TX.1.Priority=DMA_PRIORITY_HIGH
PB13.GPIOParameters=GPIO_PuPd
PH0-OSC_IN.Signal=RCC_OSC_IN
SH.S_TIM1_CH4.0=TIM1_CH4,PWM Generation4 CH4
PI7.GPIOParameters=GPIO_PuPd,GPIO_Label
PE14.GPIO_Speed=GPIO_SPEED_FREQ_HIGH
PG6.PinState=GPIO_PIN_SET
PH12.Signal=S_TIM5_CH3
PH12.Locked=true
PE11.GPIOParameters=GPIO_Speed,GPIO_PuPd
SPI1.VirtualType=VM_MASTER
Dma.USART6_TX.5.Priority=DMA_PRIORITY_MEDIUM
SPI2.VirtualType=VM_MASTER
VP_ADC1_TempSens_Input.Mode=IN-TempSens
VP_TIM5_VS_ClockSourceINT.Signal=TIM5_VS_ClockSourceINT
PH12.GPIO_Speed=GPIO_SPEED_FREQ_HIGH
TIM1.IPParameters=Channel-PWM Generation1 CH1,Channel-PWM Generation2 CH2,Channel-PWM Generation3 CH3,Channel-PWM Generation4 CH4,Period,Prescaler,Pulse-PWM Generation1 CH1,Pulse-PWM Generation2 CH2,Pulse-PWM Generation3 CH3,Pulse-PWM Generation4 CH4
Dma.SPI1_TX.1.FIFOMode=DMA_FIFOMODE_DISABLE
RCC.PLLCLKFreq_Value=168000000
PG0.Locked=true
PG6.GPIO_Label=RSTN_IST8310
RCC.PLLQCLKFreq_Value=48000000
PG0.Signal=GPXTI0
PG3.GPIOParameters=GPIO_PuPd,GPIO_Label,GPIO_ModeDefaultEXTI
VP_RTC_VS_RTC_Activate.Mode=RTC_Enabled
RCC.RTCFreq_Value=400000
Dma.USART1_TX.6.PeriphInc=DMA_PINC_DISABLE
TIM8.Channel-PWM\ Generation4\ CH4=TIM_CHANNEL_4
PD0.Locked=true
SH.S_TIM1_CH1.ConfNb=1
USART1.IPParameters=VirtualMode
PB13.Signal=SPI2_SCK
VP_TIM8_VS_ClockSourceINT.Signal=TIM8_VS_ClockSourceINT
Dma.USART6_TX.5.FIFOMode=DMA_FIFOMODE_DISABLE
PinOutPanel.RotationAngle=0
PH10.GPIO_PuPd=GPIO_PULLUP
RCC.SYSCLKSource=RCC_SYSCLKSOURCE_PLLCLK
NVIC.SVCall_IRQn=true\:0\:0\:false\:false\:false\:false\:false\:false
PD14.GPIO_Speed=GPIO_SPEED_FREQ_VERY_HIGH
FREERTOS.INCLUDE_pcTaskGetTaskName=1
SH.GPXTI3.ConfNb=1
RTC.SynchPrediv=3199
USART3.BaudRate=100000
Dma.SPI1_RX.0.Direction=DMA_PERIPH_TO_MEMORY
Dma.USART3_RX.3.PeriphDataAlignment=DMA_PDATAALIGN_BYTE
SPI1.Direction=SPI_DIRECTION_2LINES
RCC.APB2TimFreq_Value=168000000
PB6.Signal=CAN2_TX
VP_TIM10_VS_ClockSourceINT.Mode=Enable_Timer
PB12.PinState=GPIO_PIN_SET
PB6.Mode=Slave
Dma.USART1_TX.6.Mode=DMA_NORMAL
RTC.IPParameters=SynchPrediv,AsynchPrediv
SPI1.CalculateBaudRate=328.125 KBits/s
PD0.Signal=CAN1_RX
Dma.I2C2_TX.2.Direction=DMA_MEMORY_TO_PERIPH
PF10.GPIO_Label=ADC_BAT
PB13.Locked=true
PH10.GPIO_Label=LED_B
PE14.Locked=true
Dma.USART6_TX.5.PeriphDataAlignment=DMA_PDATAALIGN_BYTE
Dma.SPI1_TX.1.PeriphDataAlignment=DMA_PDATAALIGN_BYTE
ProjectManager.ProjectBuild=false
Dma.I2C2_TX.2.Priority=DMA_PRIORITY_HIGH
TIM4.Channel-PWM\ Generation3\ CH3=TIM_CHANNEL_3
NVIC.UsageFault_IRQn=true\:0\:0\:true\:false\:true\:false\:false\:false
Dma.USART6_TX.5.MemDataAlignment=DMA_MDATAALIGN_BYTE
RCC.RCC_RTC_Clock_Source_FROM_HSE=RCC_RTCCLKSOURCE_HSE_DIV30
PB3.Mode=Full_Duplex_Master
PA8.Locked=true
PA4.Locked=true
TIM10.Channel=TIM_CHANNEL_1
PB12.GPIO_Label=SPI2_CS
Dma.SPI1_RX.0.PeriphInc=DMA_PINC_DISABLE
Dma.USART6_RX.4.Instance=DMA2_Stream1
PG14.Mode=Asynchronous
ProjectManager.FirmwarePackage=STM32Cube FW_F4 V1.24.1
VP_ADC1_Vref_Input.Mode=IN-Vrefint
MxDb.Version=DB.5.0.21
PI7.Locked=true
PB0.GPIOParameters=GPIO_Speed,PinState,GPIO_PuPd,GPIO_Label
PG6.GPIO_PuPd=GPIO_PULLUP
ProjectManager.BackupPrevious=false
FREERTOS.INCLUDE_xQueueGetMutexHolder=1
PC4.GPIO_Label=INT1_ACCEL
Dma.SPI1_TX.1.Mode=DMA_NORMAL
TIM1.Channel-PWM\ Generation1\ CH1=TIM_CHANNEL_1
PE9.Signal=S_TIM1_CH1
PI6.Signal=S_TIM8_CH2
PE9.Locked=true
PB14.Mode=Full_Duplex_Master
PC9.Mode=I2C
PF10.Locked=true
SPI2.CalculateBaudRate=164.062 KBits/s
ADC3.IPParameters=Rank-0\#ChannelRegularConversion,Channel-0\#ChannelRegularConversion,SamplingTime-0\#ChannelRegularConversion,NbrOfConversionFlag,ClockPrescaler
Dma.USART3_RX.3.PeriphInc=DMA_PINC_DISABLE
PA8.Signal=I2C3_SCL
PD14.GPIO_PuPd=GPIO_PULLUP
Dma.USART6_RX.4.RequestParameters=Instance,Direction,PeriphInc,MemInc,PeriphDataAlignment,MemDataAlignment,Mode,Priority,FIFOMode
PB6.Locked=true
NVIC.PendSV_IRQn=true\:15\:0\:false\:false\:false\:true\:false\:false
SH.S_TIM5_CH2.ConfNb=1
TIM4.Period=65535
Dma.USART6_TX.5.Instance=DMA2_Stream6
VP_FREERTOS_VS_CMSIS_V1.Mode=CMSIS_V1
PG0.GPIO_PuPd=GPIO_PULLUP
ProjectManager.HalAssertFull=false
SH.S_TIM8_CH1.ConfNb=1
VP_TIM1_VS_ClockSourceINT.Mode=Internal
ADC1.SamplingTime-0\#ChannelRegularConversion=ADC_SAMPLETIME_3CYCLES
RCC.MCO2PinFreq_Value=168000000
PC8.GPIOParameters=GPIO_Speed,GPIO_PuPd
Dma.SPI1_TX.1.RequestParameters=Instance,Direction,PeriphInc,MemInc,PeriphDataAlignment,MemDataAlignment,Mode,Priority,FIFOMode
Dma.USART1_TX.6.Direction=DMA_MEMORY_TO_PERIPH
PH10.GPIOParameters=GPIO_Speed,GPIO_PuPd,GPIO_Label
CAN1.Prescaler=3
PB9.Signal=I2C1_SDA
Mcu.Package=UFBGA176
PH10.GPIO_Speed=GPIO_SPEED_FREQ_HIGH
PB14.GPIO_PuPd=GPIO_PULLUP
SH.S_TIM8_CH4.0=TIM8_CH4,PWM Generation4 CH4
SPI2.Mode=SPI_MODE_MASTER
Dma.I2C2_TX.2.FIFOMode=DMA_FIFOMODE_DISABLE
PI7.GPIO_PuPd=GPIO_PULLUP
PI6.GPIO_Speed=GPIO_SPEED_FREQ_HIGH
VP_SYS_VS_Systick.Signal=SYS_VS_Systick
ADC3.Rank-0\#ChannelRegularConversion=1
USART3.IPParameters=VirtualMode,BaudRate,Parity
PC6.GPIO_PuPd=GPIO_PULLUP
PC8.GPIO_Speed=GPIO_SPEED_FREQ_HIGH
PC11.Mode=Asynchronous
PB14.GPIOParameters=GPIO_PuPd
Dma.USART3_RX.3.MemInc=DMA_MINC_ENABLE
RCC.APB2CLKDivider=RCC_HCLK_DIV2
NVIC.DMA2_Stream2_IRQn=true\:5\:0\:true\:false\:false\:true\:false\:true
RCC.APB1TimFreq_Value=84000000
NVIC.BusFault_IRQn=true\:0\:0\:false\:false\:true\:false\:false\:false
Dma.I2C2_TX.2.Instance=DMA1_Stream7
PF10.Mode=IN8
TIM1.Period=19999
USB_OTG_FS.IPParameters=VirtualMode
PB13.Mode=Full_Duplex_Master
Dma.USART6_TX.5.RequestParameters=Instance,Direction,PeriphInc,MemInc,PeriphDataAlignment,MemDataAlignment,Mode,Priority,FIFOMode
Dma.SPI1_RX.0.RequestParameters=Instance,Direction,PeriphInc,MemInc,PeriphDataAlignment,MemDataAlignment,Mode,Priority,FIFOMode
PC6.GPIO_Speed=GPIO_SPEED_FREQ_HIGH
PA4.GPIO_Label=CS1_ACCEL
ProjectManager.CustomerFirmwarePackage=
PC4.GPIOParameters=GPIO_PuPd,GPIO_Label,GPIO_ModeDefaultEXTI
Dma.SPI1_TX.1.Instance=DMA2_Stream3
PG6.GPIO_Speed=GPIO_SPEED_FREQ_MEDIUM
CAN1.CalculateTimeQuantum=71.42857142857143
FREERTOS.INCLUDE_xTimerPendFunctionCall=1
PH12.GPIOParameters=GPIO_Speed,GPIO_PuPd,GPIO_Label
NVIC.EXTI4_IRQn=true\:5\:0\:true\:false\:true\:true\:true\:true
Dma.I2C2_TX.2.MemDataAlignment=DMA_MDATAALIGN_BYTE
PC4.GPIO_ModeDefaultEXTI=GPIO_MODE_IT_FALLING
PH15.Signal=TIM8_CH3N
ProjectManager.ProjectFileName=standard_tpye_c.ioc
FREERTOS.Tasks01=test,24,128,test_task,As weak,NULL,Dynamic,NULL,NULL
ADC1.Rank-0\#ChannelRegularConversion=1
TIM5.IPParameters=Channel-PWM Generation1 CH1,Channel-PWM Generation2 CH2,Channel-PWM Generation3 CH3,Prescaler,Period
Dma.I2C2_TX.2.RequestParameters=Instance,Direction,PeriphInc,MemInc,PeriphDataAlignment,MemDataAlignment,Mode,Priority,FIFOMode
Mcu.PinsNb=70
PC11.Locked=true
PE11.GPIO_Speed=GPIO_SPEED_FREQ_HIGH
ADC1.IPParameters=Rank-0\#ChannelRegularConversion,master,Channel-0\#ChannelRegularConversion,SamplingTime-0\#ChannelRegularConversion,NbrOfConversionFlag,ClockPrescaler
FREERTOS.INCLUDE_xTaskGetCurrentTaskHandle=1
PG9.Locked=true
PG9.Signal=USART6_RX
PG3.Locked=true
CAN1.IPParameters=CalculateTimeQuantum,BS1,BS2,Prescaler
FREERTOS.INCLUDE_vTaskDelayUntil=1
PI6.GPIO_PuPd=GPIO_PULLUP
CAN2.IPParameters=CalculateTimeQuantum,BS1,BS2,Prescaler
Dma.USART6_RX.4.Priority=DMA_PRIORITY_HIGH
PG9.Mode=Asynchronous
PC2.Signal=GPIO_Input
PC6.Signal=S_TIM8_CH1
PD1.Signal=CAN1_TX
SH.GPXTI0.ConfNb=1
TIM5.Channel-PWM\ Generation3\ CH3=TIM_CHANNEL_3
SPI1.CLKPhase=SPI_PHASE_2EDGE
NVIC.DMA2_Stream1_IRQn=true\:5\:0\:true\:false\:true\:true\:false\:true
Mcu.Pin68=VP_TIM10_VS_ClockSourceINT
Mcu.Pin69=VP_USB_DEVICE_VS_USB_DEVICE_CDC_FS
PB14.Locked=true
PC0.Signal=GPIO_Input
RCC.APB1CLKDivider=RCC_HCLK_DIV4
PG14.Locked=true
Mcu.Pin62=VP_SYS_VS_Systick
Mcu.Pin63=VP_TIM1_VS_ClockSourceINT
Mcu.Pin60=VP_RNG_VS_RNG
Mcu.Pin61=VP_RTC_VS_RTC_Activate
Mcu.Pin66=VP_TIM5_VS_ClockSourceINT
SH.S_TIM8_CH2.0=TIM8_CH2,PWM Generation2 CH2
Mcu.Pin67=VP_TIM8_VS_ClockSourceINT
Mcu.Pin64=VP_TIM3_VS_ClockSourceINT
PA0-WKUP.GPIO_Label=KEY
Mcu.Pin65=VP_TIM4_VS_ClockSourceINT
PA0-WKUP.Signal=GPIO_Input
TIM3.Channel-PWM\ Generation3\ CH3=TIM_CHANNEL_3
PF1.Mode=I2C
Dma.SPI1_TX.1.MemDataAlignment=DMA_MDATAALIGN_BYTE
Mcu.Pin59=VP_FREERTOS_VS_CMSIS_V1
Mcu.Pin57=VP_ADC1_Vref_Input
PH11.GPIOParameters=GPIO_Speed,GPIO_PuPd,GPIO_Label
Mcu.Pin58=VP_CRC_VS_CRC
TIM4.IPParameters=Channel-PWM Generation3 CH3,Prescaler,Period
Mcu.Pin51=PB13
Mcu.Pin52=PA7
I2C1.I2C_Mode=I2C_Fast
Mcu.Pin50=PB12
VP_CRC_VS_CRC.Signal=CRC_VS_CRC
Mcu.Pin55=PB15
Mcu.Pin56=VP_ADC1_TempSens_Input
Mcu.Pin53=PB0
Dma.USART6_TX.5.Mode=DMA_NORMAL
TIM8.Channel-PWM\ Generation3\ CH3N=TIM_CHANNEL_3
Mcu.Pin54=PB14
PC6.Locked=true
Dma.USART3_RX.3.FIFOMode=DMA_FIFOMODE_DISABLE
PA9.Signal=USART1_TX
PH11.GPIO_Label=LED_G
VP_TIM1_VS_ClockSourceINT.Signal=TIM1_VS_ClockSourceINT
TIM1.Channel-PWM\ Generation2\ CH2=TIM_CHANNEL_2
SH.S_TIM5_CH3.ConfNb=1
PB9.Locked=true
PB5.Locked=true
VP_TIM8_VS_ClockSourceINT.Mode=Internal
PB4.GPIO_PuPd=GPIO_PULLUP
NVIC.DMA2_Stream6_IRQn=true\:5\:0\:true\:false\:true\:true\:false\:true
Mcu.Pin48=PE11
Mcu.Pin49=PE14
PG0.GPIO_ModeDefaultEXTI=GPIO_MODE_IT_FALLING
PC5.GPIO_ModeDefaultEXTI=GPIO_MODE_IT_FALLING
Mcu.Pin46=PC5
Mcu.Pin47=PE9
SH.S_TIM8_CH4.ConfNb=1
PG6.GPIOParameters=GPIO_Speed,PinState,GPIO_PuPd,GPIO_Label
PB14.Signal=SPI2_MISO
Mcu.Pin40=PD14
Mcu.Pin41=PA0-WKUP
PE13.GPIOParameters=GPIO_Speed,GPIO_PuPd
SH.S_TIM8_CH1.0=TIM8_CH1,PWM Generation1 CH1
Mcu.Pin44=PG0
Mcu.Pin45=PE13
Mcu.Pin42=PA4
Mcu.Pin43=PC4
ProjectManager.LastFirmware=true
PD1.Mode=Master
PB13.GPIO_PuPd=GPIO_PULLUP
PI7.Signal=GPIO_Input
PE14.Signal=S_TIM1_CH4
Mcu.Pin37=PC0
Mcu.Pin38=PC1
Mcu.Pin35=PH11
Mcu.Pin36=PH10
SPI1.Mode=SPI_MODE_MASTER
Mcu.Pin39=PC2
PI2.Signal=S_TIM8_CH4
PC2.GPIOParameters=GPIO_Label
VP_ADC1_TempSens_Input.Signal=ADC1_TempSens_Input
Mcu.Pin30=PG6
Dma.SPI1_RX.0.PeriphDataAlignment=DMA_PDATAALIGN_BYTE
RCC.EthernetFreq_Value=168000000
Mcu.Pin33=PG3
TIM3.IPParameters=Channel-PWM Generation3 CH3,Period
Mcu.Pin34=PF10
Mcu.Pin31=PF6
RCC.RCC_RTC_Clock_SourceVirtual=RCC_RTCCLKSOURCE_HSE_DIV30
Mcu.Pin32=PH12
PA9.Locked=true
NVIC.NonMaskableInt_IRQn=true\:0\:0\:false\:false\:true\:false\:false\:false
FREERTOS.INCLUDE_xEventGroupSetBitFromISR=1
PA13.Mode=Serial_Wire
ProjectManager.FreePins=false
Mcu.Pin26=PC8
Mcu.Pin27=PH1-OSC_OUT
RCC.RTCHSEDivFreq_Value=400000
Mcu.Pin24=PA8
ProjectManager.UnderRoot=false
Mcu.Pin25=PH0-OSC_IN
PE13.Locked=true
TIM8.Period=19999
Mcu.Pin28=PF1
Mcu.Pin29=PC6
PB4.Locked=true
PC8.GPIO_PuPd=GPIO_PULLUP
TIM5.Channel-PWM\ Generation2\ CH2=TIM_CHANNEL_2
PD14.GPIOParameters=GPIO_Speed,GPIO_PuPd,GPIO_Label
PA4.Signal=GPIO_Output
Mcu.Pin22=PA9
PB5.Signal=CAN2_RX
Mcu.Pin23=PC9
Mcu.Pin20=PH15
ADC1.master=1
Mcu.Pin21=PF0
Dma.USART6_RX.4.Direction=DMA_PERIPH_TO_MEMORY
NVIC.ForceEnableDMAVector=true
NVIC.MemoryManagement_IRQn=true\:0\:0\:false\:false\:true\:false\:false\:false
USART1.VirtualMode=VM_ASYNC
ProjectManager.CompilerOptimize=6
PA11.Signal=USB_OTG_FS_DM
TIM5.Channel-PWM\ Generation1\ CH1=TIM_CHANNEL_1
ProjectManager.HeapSize=0x2000
Mcu.Pin15=PI6
NVIC.HardFault_IRQn=true\:0\:0\:false\:false\:true\:false\:false\:false
Mcu.Pin16=PG9
Mcu.Pin13=PA12
Mcu.Pin14=PI7
Mcu.Pin19=PA11
PF10.GPIOParameters=GPIO_Label
Dma.SPI1_RX.0.Priority=DMA_PRIORITY_VERY_HIGH
ProjectManager.ComputerToolchain=false
Mcu.Pin17=PD1
Mcu.Pin18=PI2
VP_TIM4_VS_ClockSourceINT.Mode=Internal
NVIC.PriorityGroup=NVIC_PRIORITYGROUP_4
Mcu.Pin11=PC11
Mcu.Pin12=PC10
PG0.GPIOParameters=GPIO_PuPd,GPIO_ModeDefaultEXTI
PB8.Mode=I2C
Mcu.Pin10=PD0
PF6.GPIO_PuPd=GPIO_PULLUP
PG3.GPIO_ModeDefaultEXTI=GPIO_MODE_IT_FALLING
PA0-WKUP.GPIO_PuPd=GPIO_PULLUP
PA8.Mode=I2C
TIM1.Channel-PWM\ Generation3\ CH3=TIM_CHANNEL_3
PG3.GPIO_Label=DRDY_IST8310
PB12.GPIO_PuPd=GPIO_PULLUP
PD1.Locked=true
PB0.Signal=GPIO_Output
Dma.USART1_TX.6.Priority=DMA_PRIORITY_MEDIUM
SH.S_TIM1_CH4.ConfNb=1
PA7.GPIOParameters=GPIO_PuPd
PC0.Locked=true
PC1.Signal=GPIO_Input
PB12.GPIOParameters=GPIO_Speed,PinState,GPIO_PuPd,GPIO_Label
NVIC.CAN1_RX0_IRQn=true\:6\:0\:true\:false\:true\:true\:true\:true
PF6.GPIO_Speed=GPIO_SPEED_FREQ_HIGH
USART3.Parity=PARITY_EVEN
Mcu.Family=STM32F4
NVIC.USART3_IRQn=true\:4\:0\:true\:false\:false\:false\:true\:true
ProjectManager.MainLocation=Src
VP_TIM10_VS_ClockSourceINT.Signal=TIM10_VS_ClockSourceINT
I2C2.IPParameters=I2C_Mode
USB_DEVICE.CLASS_NAME_FS=CDC
Dma.USART6_TX.5.MemInc=DMA_MINC_ENABLE
RCC.CortexFreq_Value=168000000
PG6.Signal=GPIO_Output
NVIC.CAN2_RX0_IRQn=true\:6\:0\:true\:false\:true\:true\:true\:true
ProjectManager.KeepUserCode=true
Mcu.UserName=STM32F407IGHx
PH10.Signal=S_TIM5_CH1
PC10.Locked=true
PG6.Locked=true
PC10.Signal=USART3_TX
TIM8.Pulse-PWM\ Generation1\ CH1=1000
PC5.Locked=true
ProjectManager.functionlistsort=1-MX_GPIO_Init-GPIO-false-HAL-true,2-MX_DMA_Init-DMA-false-HAL-true,3-SystemClock_Config-RCC-false-HAL-false,4-MX_ADC1_Init-ADC1-false-HAL-true,5-MX_ADC3_Init-ADC3-false-HAL-true,6-MX_CAN1_Init-CAN1-false-HAL-true,7-MX_CAN2_Init-CAN2-false-HAL-true,8-MX_I2C1_Init-I2C1-false-HAL-true,9-MX_SPI1_Init-SPI1-false-HAL-true,10-MX_TIM4_Init-TIM4-false-HAL-true,11-MX_TIM5_Init-TIM5-false-HAL-true,12-MX_USART3_UART_Init-USART3-false-HAL-true,13-MX_TIM8_Init-TIM8-false-HAL-true,14-MX_CRC_Init-CRC-false-HAL-true,15-MX_RNG_Init-RNG-false-HAL-true,16-MX_I2C2_Init-I2C2-false-HAL-true,17-MX_I2C3_Init-I2C3-false-HAL-true,18-MX_RTC_Init-RTC-false-HAL-true,19-MX_SPI2_Init-SPI2-false-HAL-true,20-MX_TIM1_Init-TIM1-false-HAL-true,21-MX_TIM3_Init-TIM3-false-HAL-true,22-MX_TIM10_Init-TIM10-false-HAL-true,23-MX_USART1_UART_Init-USART1-false-HAL-true,24-MX_USART6_UART_Init-USART6-false-HAL-true,25-MX_USB_DEVICE_Init-USB_DEVICE-false-HAL-false
PC0.GPIOParameters=GPIO_Label
SH.S_TIM5_CH2.0=TIM5_CH2,PWM Generation2 CH2
Dma.USART1_TX.6.PeriphDataAlignment=DMA_PDATAALIGN_BYTE
Dma.SPI1_TX.1.PeriphInc=DMA_PINC_DISABLE
NVIC.EXTI3_IRQn=true\:5\:0\:true\:false\:true\:true\:true\:true
PC0.GPIO_Label=HW0
PA11.Mode=Device_Only
PH10.Locked=true
PE9.GPIO_Speed=GPIO_SPEED_FREQ_HIGH
PC9.Locked=true
PB0.GPIO_Label=CS1_GYRO
USB_DEVICE.VirtualMode-CDC_FS=Cdc
SH.S_TIM10_CH1.ConfNb=1
TIM1.Pulse-PWM\ Generation1\ CH1=1000
SH.S_TIM1_CH3.ConfNb=1
PC1.Locked=true
PB15.Signal=SPI2_MOSI
ADC3.Channel-0\#ChannelRegularConversion=ADC_CHANNEL_8
Dma.USART3_RX.3.Mode=DMA_NORMAL
ProjectManager.StackSize=0x2000
PG3.GPIO_PuPd=GPIO_PULLUP
PH11.GPIO_PuPd=GPIO_PULLUP
Dma.USART3_RX.3.MemDataAlignment=DMA_MDATAALIGN_BYTE
Mcu.IP4=CRC
PH11.GPIO_Speed=GPIO_SPEED_FREQ_HIGH
Mcu.IP5=DMA
RCC.FCLKCortexFreq_Value=168000000
Mcu.IP2=CAN1
I2C1.IPParameters=I2C_Mode
Mcu.IP3=CAN2
PB4.GPIOParameters=GPIO_PuPd
Mcu.IP0=ADC1
Mcu.IP1=ADC3
PA12.Signal=USB_OTG_FS_DP
TIM1.Prescaler=167
SPI1.CLKPolarity=SPI_POLARITY_HIGH
SPI2.CLKPolarity=SPI_POLARITY_HIGH
Mcu.UserConstants=
PC1.GPIOParameters=GPIO_Label
PE11.GPIO_PuPd=GPIO_PULLUP
PB0.PinState=GPIO_PIN_SET
Mcu.ThirdPartyNb=0
TIM1.Channel-PWM\ Generation4\ CH4=TIM_CHANNEL_4
RCC.HCLKFreq_Value=168000000
TIM8.Channel-PWM\ Generation1\ CH1=TIM_CHANNEL_1
Mcu.IPNb=28
RCC.I2SClocksFreq_Value=192000000
ProjectManager.PreviousToolchain=
PF1.Locked=true
TIM3.Period=8399
RCC.VcooutputI2S=192000000
SH.S_TIM5_CH3.0=TIM5_CH3,PWM Generation3 CH3
Mcu.Pin6=PA13
Mcu.Pin7=PB9
Mcu.Pin8=PB7
Mcu.Pin9=PB6
FREERTOS.IPParameters=Tasks01,configTOTAL_HEAP_SIZE,INCLUDE_vTaskDelayUntil,INCLUDE_eTaskGetState,INCLUDE_uxTaskGetStackHighWaterMark,INCLUDE_xQueueGetMutexHolder,INCLUDE_xSemaphoreGetMutexHolder,INCLUDE_pcTaskGetTaskName,INCLUDE_xTaskGetCurrentTaskHandle,INCLUDE_xTimerPendFunctionCall,INCLUDE_xEventGroupSetBitFromISR,INCLUDE_xTaskAbortDelay,INCLUDE_xTaskGetHandle,INCLUDE_vTaskCleanUpResources
RCC.AHBFreq_Value=168000000
SPI2.BaudRatePrescaler=SPI_BAUDRATEPRESCALER_256
PH0-OSC_IN.Mode=HSE-External-Oscillator
Mcu.Pin0=PB8
Mcu.Pin1=PB5
TIM8.IPParameters=Channel-PWM Generation1 CH1,Channel-PWM Generation2 CH2,Prescaler,Period,Pulse-PWM Generation1 CH1,Pulse-PWM Generation2 CH2,Channel-PWM Generation3 CH3N,Channel-PWM Generation4 CH4
Mcu.Pin2=PG14
Mcu.Pin3=PB4
Mcu.Pin4=PB3
PA0-WKUP.GPIOParameters=GPIO_PuPd,GPIO_Label
Mcu.Pin5=PA14
ADC1.Channel-0\#ChannelRegularConversion=ADC_CHANNEL_TEMPSENSOR
I2C3.IPParameters=I2C_Mode
RCC.HSE_VALUE=12000000
NVIC.DebugMonitor_IRQn=true\:0\:0\:false\:false\:true\:false\:false\:false
PA4.GPIO_PuPd=GPIO_PULLUP
Dma.USART6_RX.4.Mode=DMA_NORMAL
Dma.USART3_RX.3.Instance=DMA1_Stream1
Mcu.IP10=NVIC
NVIC.SysTick_IRQn=true\:15\:0\:false\:false\:true\:true\:false\:true
Mcu.IP12=RNG
PE13.GPIO_PuPd=GPIO_PULLUP
Mcu.IP11=RCC
PA4.GPIO_Speed=GPIO_SPEED_FREQ_HIGH
Mcu.IP18=TIM3
Mcu.IP17=TIM1
Mcu.IP19=TIM4
PB3.GPIO_PuPd=GPIO_PULLUP
Mcu.IP14=SPI1
PB4.Mode=Full_Duplex_Master
Mcu.IP13=RTC
PE13.Signal=S_TIM1_CH3
Mcu.IP16=SYS
Mcu.IP15=SPI2
RCC.VCOInputFreq_Value=2000000
Dma.I2C2_TX.2.MemInc=DMA_MINC_ENABLE
PA14.Mode=Serial_Wire
CAN2.Prescaler=3
PB5.Mode=Slave
File.Version=6
RTC.AsynchPrediv=124
PB3.GPIOParameters=GPIO_PuPd
PB7.Signal=USART1_RX
Mcu.IP21=TIM8
PB8.Locked=true
Mcu.IP20=TIM5
Mcu.IP23=USART1
FREERTOS.INCLUDE_vTaskCleanUpResources=1
Mcu.IP22=TIM10
Mcu.IP25=USART6
Dma.RequestsNb=7
Mcu.IP24=USART3
Mcu.IP27=USB_OTG_FS
Mcu.IP26=USB_DEVICE
PB0.Locked=true
FREERTOS.configTOTAL_HEAP_SIZE=24576
ProjectManager.ProjectName=standard_tpye_c
NVIC.DMA1_Stream7_IRQn=true\:5\:0\:true\:false\:false\:true\:false\:true
PH1-OSC_OUT.Mode=HSE-External-Oscillator
Dma.USART6_RX.4.PeriphInc=DMA_PINC_DISABLE
TIM8.Pulse-PWM\ Generation2\ CH2=1000
NVIC.DMA2_Stream7_IRQn=true\:5\:0\:true\:false\:true\:true\:false\:true
PA7.Locked=true
FREERTOS.INCLUDE_xTaskAbortDelay=1
CAN2.BS1=CAN_BS1_10TQ
CAN2.BS2=CAN_BS2_3TQ
PB15.GPIO_PuPd=GPIO_PULLUP
TIM1.Pulse-PWM\ Generation2\ CH2=1000
USART6.VirtualMode=VM_ASYNC
SH.S_TIM10_CH1.0=TIM10_CH1,PWM Generation1 CH1
NVIC.OTG_FS_IRQn=true\:5\:0\:false\:false\:true\:true\:false\:true
ProjectManager.ToolChainLocation=
PD14.Locked=true
RCC.LSI_VALUE=32000
SH.GPXTI0.0=GPIO_EXTI0
SH.GPXTI5.ConfNb=1
Dma.USART3_RX.3.RequestParameters=Instance,Direction,PeriphInc,MemInc,PeriphDataAlignment,MemDataAlignment,Mode,Priority,FIFOMode
TIM8.Channel-PWM\ Generation2\ CH2=TIM_CHANNEL_2
USB_OTG_FS.VirtualMode=Device_Only
VP_USB_DEVICE_VS_USB_DEVICE_CDC_FS.Signal=USB_DEVICE_VS_USB_DEVICE_CDC_FS
SPI2.CLKPhase=SPI_PHASE_2EDGE
ADC3.ClockPrescaler=ADC_CLOCK_SYNC_PCLK_DIV6
TIM8.Prescaler=167
Dma.USART6_RX.4.MemInc=DMA_MINC_ENABLE
Dma.Request2=I2C2_TX
Dma.Request1=SPI1_TX
Dma.Request4=USART6_RX
Dma.Request3=USART3_RX
SH.S_TIM5_CH1.0=TIM5_CH1,PWM Generation1 CH1
PC4.Locked=true
Dma.Request6=USART1_TX
Dma.Request5=USART6_TX
SPI2.Direction=SPI_DIRECTION_2LINES
PF0.Signal=I2C2_SDA
PC5.Signal=GPXTI5
Dma.Request0=SPI1_RX
SPI1.BaudRatePrescaler=SPI_BAUDRATEPRESCALER_256
TIM10.IPParameters=Channel,Period
I2C2.I2C_Mode=I2C_Fast
PC2.GPIO_Label=HW2
VP_TIM3_VS_ClockSourceINT.Mode=Internal
PB3.Locked=true
PB4.Signal=SPI1_MISO
PB15.Locked=true
VP_RTC_VS_RTC_Activate.Signal=RTC_VS_RTC_Activate
Dma.USART6_RX.4.MemDataAlignment=DMA_MDATAALIGN_BYTE
Dma.USART1_TX.6.MemInc=DMA_MINC_ENABLE
I2C3.I2C_Mode=I2C_Fast
SH.GPXTI5.0=GPIO_EXTI5
Dma.SPI1_TX.1.MemInc=DMA_MINC_ENABLE
Dma.USART3_RX.3.Direction=DMA_PERIPH_TO_MEMORY
PA7.Mode=Full_Duplex_Master
PE14.GPIOParameters=GPIO_Speed,GPIO_PuPd
PH11.Signal=S_TIM5_CH2
PH12.GPIO_Label=LED_R
ProjectManager.NoMain=false
SPI1.IPParameters=VirtualType,Mode,Direction,CalculateBaudRate,BaudRatePrescaler,CLKPolarity,CLKPhase
USB_DEVICE.VirtualModeFS=Cdc_FS
PG3.Signal=GPXTI3
PC4.GPIO_PuPd=GPIO_PULLUP
USART6.IPParameters=VirtualMode
NVIC.SavedSvcallIrqHandlerGenerated=true
PC11.Signal=USART3_RX
Dma.USART6_TX.5.Direction=DMA_MEMORY_TO_PERIPH
PC8.Signal=S_TIM3_CH3
PC10.Mode=Asynchronous
PC4.Signal=GPXTI4
Dma.I2C2_TX.2.Mode=DMA_NORMAL
Dma.USART6_RX.4.PeriphDataAlignment=DMA_PDATAALIGN_BYTE
Dma.USART6_RX.4.FIFOMode=DMA_FIFOMODE_DISABLE
ProjectManager.DefaultFWLocation=true
NVIC.DMA1_Stream1_IRQn=true\:5\:0\:true\:false\:false\:true\:false\:false
PB12.Locked=true
ProjectManager.DeletePrevious=true
Dma.SPI1_RX.0.Mode=DMA_NORMAL
VP_RNG_VS_RNG.Mode=RNG_Activate
PC5.GPIO_PuPd=GPIO_PULLUP
Dma.SPI1_TX.1.Direction=DMA_MEMORY_TO_PERIPH
SH.S_TIM3_CH3.0=TIM3_CH3,PWM Generation3 CH3
USB_DEVICE.IPParameters=VirtualMode-CDC_FS,VirtualModeFS,CLASS_NAME_FS
PinOutPanel.CurrentBGAView=Top
RCC.FamilyName=M
PA0-WKUP.Locked=true
FREERTOS.INCLUDE_uxTaskGetStackHighWaterMark=1
NVIC.USART6_IRQn=true\:5\:0\:true\:false\:false\:true\:true\:true
PE9.GPIOParameters=GPIO_Speed,GPIO_PuPd
PB0.GPIO_Speed=GPIO_SPEED_FREQ_HIGH
PA13.Signal=SYS_JTMS-SWDIO
Dma.SPI1_RX.0.FIFOMode=DMA_FIFOMODE_DISABLE
TIM1.Pulse-PWM\ Generation3\ CH3=1000
VP_FREERTOS_VS_CMSIS_V1.Signal=FREERTOS_VS_CMSIS_V1
PA9.Mode=Asynchronous
ADC3.SamplingTime-0\#ChannelRegularConversion=ADC_SAMPLETIME_3CYCLES
SH.S_TIM1_CH1.0=TIM1_CH1,PWM Generation1 CH1
PA4.PinState=GPIO_PIN_SET
CAN1.BS2=CAN_BS2_3TQ
Dma.I2C2_TX.2.PeriphDataAlignment=DMA_PDATAALIGN_BYTE
PF6.Signal=S_TIM10_CH1
VP_TIM4_VS_ClockSourceINT.Signal=TIM4_VS_ClockSourceINT
CAN1.BS1=CAN_BS1_10TQ
ProjectManager.TargetToolchain=MDK-ARM V5
Dma.USART1_TX.6.FIFOMode=DMA_FIFOMODE_DISABLE
SH.S_TIM3_CH3.ConfNb=1
PF6.Locked=true
SH.S_TIM4_CH3.0=TIM4_CH3,PWM Generation3 CH3
VP_RNG_VS_RNG.Signal=RNG_VS_RNG
VP_USB_DEVICE_VS_USB_DEVICE_CDC_FS.Mode=CDC_FS
PB9.Mode=I2C
PC5.GPIOParameters=GPIO_PuPd,GPIO_Label,GPIO_ModeDefaultEXTI
SPI2.IPParameters=VirtualType,Mode,Direction,CalculateBaudRate,BaudRatePrescaler,CLKPolarity,CLKPhase
PC2.Locked=true
ProjectManager.RegisterCallBack=
PH11.Locked=true
VP_TIM3_VS_ClockSourceINT.Signal=TIM3_VS_ClockSourceINT
NVIC.DMA2_Stream3_IRQn=true\:5\:0\:true\:false\:false\:true\:false\:true
TIM4.Prescaler=167
PE11.Signal=S_TIM1_CH2
RCC.LSE_VALUE=32768
PA7.GPIO_PuPd=GPIO_PULLUP
PB12.GPIO_Speed=GPIO_SPEED_FREQ_MEDIUM
SH.S_TIM1_CH2.ConfNb=1
Dma.USART1_TX.6.Instance=DMA2_Stream7
SH.S_TIM4_CH3.ConfNb=1
RCC.VCOI2SOutputFreq_Value=384000000
PG14.Signal=USART6_TX
board=custom
Dma.I2C2_TX.2.PeriphInc=DMA_PINC_DISABLE
SH.GPXTI3.0=GPIO_EXTI3
RCC.VCOOutputFreq_Value=336000000
PB15.Mode=Full_Duplex_Master
FREERTOS.INCLUDE_eTaskGetState=1
TIM10.Period=4999
NVIC.SavedSystickIrqHandlerGenerated=true
RCC.APB2Freq_Value=84000000
MxCube.Version=5.2.1
SH.S_TIM1_CH2.0=TIM1_CH2,PWM Generation2 CH2
PF10.Signal=ADC3_IN8
Dma.SPI1_RX.0.Instance=DMA2_Stream2
PC1.GPIO_Label=HW1
VP_SYS_VS_Systick.Mode=SysTick
CAN2.CalculateTimeQuantum=71.42857142857143
VP_ADC1_Vref_Input.Signal=ADC1_Vref_Input
PH1-OSC_OUT.Signal=RCC_OSC_OUT
PI7.GPIO_Label=BUTTON_TRIG
Dma.SPI1_RX.0.MemDataAlignment=DMA_MDATAALIGN_BYTE
PD14.GPIO_Label=BUZZER
PA4.GPIOParameters=GPIO_Speed,PinState,GPIO_PuPd,GPIO_Label
PF0.Locked=true
PE14.GPIO_PuPd=GPIO_PULLUP
PF1.Signal=I2C2_SCL
PB15.GPIOParameters=GPIO_PuPd
RCC.IPParameters=48MHZClocksFreq_Value,AHBFreq_Value,APB1CLKDivider,APB1Freq_Value,APB1TimFreq_Value,APB2CLKDivider,APB2Freq_Value,APB2TimFreq_Value,CortexFreq_Value,EthernetFreq_Value,FCLKCortexFreq_Value,FamilyName,HCLKFreq_Value,HSE_VALUE,HSI_VALUE,I2SClocksFreq_Value,LSE_VALUE,LSI_VALUE,MCO2PinFreq_Value,PLLCLKFreq_Value,PLLM,PLLN,PLLQ,PLLQCLKFreq_Value,RCC_RTC_Clock_SourceVirtual,RCC_RTC_Clock_Source_FROM_HSE,RTCFreq_Value,RTCHSEDivFreq_Value,SYSCLKFreq_VALUE,SYSCLKSource,VCOI2SOutputFreq_Value,VCOInputFreq_Value,VCOOutputFreq_Value,VcooutputI2S
PE11.Locked=true
ProjectManager.AskForMigrate=true
Mcu.Name=STM32F407I(E-G)Hx
PD0.Mode=Master
FREERTOS.INCLUDE_xSemaphoreGetMutexHolder=1
Dma.SPI1_RX.0.MemInc=DMA_MINC_ENABLE
NVIC.SavedPendsvIrqHandlerGenerated=true
PH15.Mode=PWM Generation3 CH3N
Mcu.IP8=I2C2
Mcu.IP9=I2C3
PD14.Signal=S_TIM4_CH3
Mcu.IP6=FREERTOS
Mcu.IP7=I2C1
ProjectManager.CoupleFile=true
RCC.48MHZClocksFreq_Value=48000000
PB3.Signal=SPI1_SCK
NVIC.EXTI0_IRQn=true\:6\:0\:true\:false\:true\:true\:true\:true
RCC.SYSCLKFreq_VALUE=168000000
PA12.Mode=Device_Only
SH.GPXTI4.0=GPIO_EXTI4
KeepUserPlacement=false
Dma.USART6_TX.5.PeriphInc=DMA_PINC_DISABLE
TIM5.Prescaler=0
PC5.GPIO_Label=INT1_GYRO
USART3.VirtualMode=VM_ASYNC
PB7.Mode=Asynchronous
NVIC.EXTI9_5_IRQn=true\:5\:0\:true\:false\:true\:true\:true\:true
PA14.Signal=SYS_JTCK-SWCLK
PF0.Mode=I2C
PF6.GPIOParameters=GPIO_Speed,GPIO_PuPd
SH.GPXTI4.ConfNb=1
FREERTOS.INCLUDE_xTaskGetHandle=1
PC6.GPIOParameters=GPIO_Speed,GPIO_PuPd
SH.S_TIM1_CH3.0=TIM1_CH3,PWM Generation3 CH3
TIM1.Pulse-PWM\ Generation4\ CH4=1000
RCC.HSI_VALUE=16000000
PI6.GPIOParameters=GPIO_Speed,GPIO_PuPd
RCC.PLLQ=7
ADC1.NbrOfConversionFlag=1
RCC.PLLM=6
RCC.PLLN=168
PE13.GPIO_Speed=GPIO_SPEED_FREQ_HIGH
PB7.Locked=true
PB8.Signal=I2C1_SCL
PH12.GPIO_PuPd=GPIO_PULLUP
Dma.USART3_RX.3.Priority=DMA_PRIORITY_HIGH
PC8.Locked=true
Dma.USART1_TX.6.MemDataAlignment=DMA_MDATAALIGN_BYTE
TIM5.Period=65535
PC9.Signal=I2C3_SDA
RCC.APB1Freq_Value=42000000
ADC3.NbrOfConversionFlag=1
VP_CRC_VS_CRC.Mode=CRC_Activate
ADC1.ClockPrescaler=ADC_CLOCK_SYNC_PCLK_DIV6
Dma.USART1_TX.6.RequestParameters=Instance,Direction,PeriphInc,MemInc,PeriphDataAlignment,MemDataAlignment,Mode,Priority,FIFOMode
ProjectManager.DeviceId=STM32F407IGHx
SH.S_TIM8_CH2.ConfNb=1
PB12.Signal=GPIO_Output
ProjectManager.LibraryCopy=1
SH.S_TIM5_CH1.ConfNb=1
PB0.GPIO_PuPd=GPIO_PULLUP
PA7.Signal=SPI1_MOSI
PE9.GPIO_PuPd=GPIO_PULLUP
